
Microsoft Visual Studio Solution File, Format Version 12.00
# Visual Studio Version 16
VisualStudioVersion = 16.0.30114.105
MinimumVisualStudioVersion = 10.0.40219.1
Project("{FAE04EC0-301F-11D3-BF4B-00C04F79EFBC}") = "Album.Api", "Album.Api\Album.Api.csproj", "{FAE225D3-3C38-4FE0-B9A6-9D03E9A46C87}"
EndProject
Project("{FAE04EC0-301F-11D3-BF4B-00C04F79EFBC}") = "Album.Api.Tests", "Album.Api.Tests\Album.Api.Tests.csproj", "{809AB48B-6ABF-42E2-83D7-ABDAC5E3BB4C}"
EndProject
Project("{FAE04EC0-301F-11D3-BF4B-00C04F79EFBC}") = "Album.Api.IntergrationTests", "Album.Api.IntergrationTests\Album.Api.IntergrationTests.csproj", "{FFE7BEE8-7B75-4FA6-A302-5D48737FD599}"
EndProject
Global
	GlobalSection(SolutionConfigurationPlatforms) = preSolution
		Debug|Any CPU = Debug|Any CPU
		Release|Any CPU = Release|Any CPU
	EndGlobalSection
	GlobalSection(SolutionProperties) = preSolution
		HideSolutionNode = FALSE
	EndGlobalSection
	GlobalSection(ProjectConfigurationPlatforms) = postSolution
		{FAE225D3-3C38-4FE0-B9A6-9D03E9A46C87}.Debug|Any CPU.ActiveCfg = Debug|Any CPU
		{FAE225D3-3C38-4FE0-B9A6-9D03E9A46C87}.Debug|Any CPU.Build.0 = Debug|Any CPU
		{FAE225D3-3C38-4FE0-B9A6-9D03E9A46C87}.Release|Any CPU.ActiveCfg = Release|Any CPU
		{FAE225D3-3C38-4FE0-B9A6-9D03E9A46C87}.Release|Any CPU.Build.0 = Release|Any CPU
		{809AB48B-6ABF-42E2-83D7-ABDAC5E3BB4C}.Debug|Any CPU.ActiveCfg = Debug|Any CPU
		{809AB48B-6ABF-42E2-83D7-ABDAC5E3BB4C}.Debug|Any CPU.Build.0 = Debug|Any CPU
		{809AB48B-6ABF-42E2-83D7-ABDAC5E3BB4C}.Release|Any CPU.ActiveCfg = Release|Any CPU
		{809AB48B-6ABF-42E2-83D7-ABDAC5E3BB4C}.Release|Any CPU.Build.0 = Release|Any CPU
		{FFE7BEE8-7B75-4FA6-A302-5D48737FD599}.Debug|Any CPU.ActiveCfg = Debug|Any CPU
		{FFE7BEE8-7B75-4FA6-A302-5D48737FD599}.Debug|Any CPU.Build.0 = Debug|Any CPU
		{FFE7BEE8-7B75-4FA6-A302-5D48737FD599}.Release|Any CPU.ActiveCfg = Release|Any CPU
		{FFE7BEE8-7B75-4FA6-A302-5D48737FD599}.Release|Any CPU.Build.0 = Release|Any CPU
	EndGlobalSection
EndGlobal
